
Microsoft Visual Studio Solution File, Format Version 12.00
Project("{FAE04EC0-301F-11D3-BF4B-00C04F79EFBC}") = "TestAuth4.4", "TestAuth4.4\TestAuth4.4.csproj", "{2F462FEE-7FCC-4746-90AA-60D9AFA04868}"
EndProject
Global
	GlobalSection(SolutionConfigurationPlatforms) = preSolution
		Debug|Any CPU = Debug|Any CPU
		Release|Any CPU = Release|Any CPU
	EndGlobalSection
	GlobalSection(ProjectConfigurationPlatforms) = postSolution
		{2F462FEE-7FCC-4746-90AA-60D9AFA04868}.Debug|Any CPU.ActiveCfg = Debug|Any CPU
		{2F462FEE-7FCC-4746-90AA-60D9AFA04868}.Debug|Any CPU.Build.0 = Debug|Any CPU
		{2F462FEE-7FCC-4746-90AA-60D9AFA04868}.Release|Any CPU.ActiveCfg = Release|Any CPU
		{2F462FEE-7FCC-4746-90AA-60D9AFA04868}.Release|Any CPU.Build.0 = Release|Any CPU
	EndGlobalSection
EndGlobal
